
Microsoft Visual Studio Solution File, Format Version 12.00
# Visual Studio Version 17
VisualStudioVersion = 17.7.34018.315
MinimumVisualStudioVersion = 10.0.40219.1
Project("{FAE04EC0-301F-11D3-BF4B-00C04F79EFBC}") = "uppgift 1.2", "uppgift 1.2\uppgift 1.2.csproj", "{1706DDFB-59F4-492A-BF79-8349F1BEFB0B}"
EndProject
Global
	GlobalSection(SolutionConfigurationPlatforms) = preSolution
		Debug|Any CPU = Debug|Any CPU
		Release|Any CPU = Release|Any CPU
	EndGlobalSection
	GlobalSection(ProjectConfigurationPlatforms) = postSolution
		{1706DDFB-59F4-492A-BF79-8349F1BEFB0B}.Debug|Any CPU.ActiveCfg = Debug|Any CPU
		{1706DDFB-59F4-492A-BF79-8349F1BEFB0B}.Debug|Any CPU.Build.0 = Debug|Any CPU
		{1706DDFB-59F4-492A-BF79-8349F1BEFB0B}.Release|Any CPU.ActiveCfg = Release|Any CPU
		{1706DDFB-59F4-492A-BF79-8349F1BEFB0B}.Release|Any CPU.Build.0 = Release|Any CPU
	EndGlobalSection
	GlobalSection(SolutionProperties) = preSolution
		HideSolutionNode = FALSE
	EndGlobalSection
	GlobalSection(ExtensibilityGlobals) = postSolution
		SolutionGuid = {0C94C725-45F8-44E3-A3C5-C180C5F46C02}
	EndGlobalSection
EndGlobal
